
Microsoft Visual Studio Solution File, Format Version 12.00
# Visual Studio 15
VisualStudioVersion = 15.0.28010.2050
MinimumVisualStudioVersion = 10.0.40219.1
Project("{FAE04EC0-301F-11D3-BF4B-00C04F79EFBC}") = "TodoApp", "TodoApp\TodoApp.csproj", "{AE264C78-A809-4F14-B5CB-2587B76BDB6E}"
EndProject
Project("{FAE04EC0-301F-11D3-BF4B-00C04F79EFBC}") = "TodoAppLibrary", "TodoAppLibrary\TodoAppLibrary.csproj", "{B90D1B07-28BF-4C02-9264-97BDF1B754F5}"
EndProject
Global
	GlobalSection(SolutionConfigurationPlatforms) = preSolution
		Debug|Any CPU = Debug|Any CPU
		Release|Any CPU = Release|Any CPU
	EndGlobalSection
	GlobalSection(ProjectConfigurationPlatforms) = postSolution
		{AE264C78-A809-4F14-B5CB-2587B76BDB6E}.Debug|Any CPU.ActiveCfg = Debug|Any CPU
		{AE264C78-A809-4F14-B5CB-2587B76BDB6E}.Debug|Any CPU.Build.0 = Debug|Any CPU
		{AE264C78-A809-4F14-B5CB-2587B76BDB6E}.Release|Any CPU.ActiveCfg = Release|Any CPU
		{AE264C78-A809-4F14-B5CB-2587B76BDB6E}.Release|Any CPU.Build.0 = Release|Any CPU
		{B90D1B07-28BF-4C02-9264-97BDF1B754F5}.Debug|Any CPU.ActiveCfg = Debug|Any CPU
		{B90D1B07-28BF-4C02-9264-97BDF1B754F5}.Debug|Any CPU.Build.0 = Debug|Any CPU
		{B90D1B07-28BF-4C02-9264-97BDF1B754F5}.Release|Any CPU.ActiveCfg = Release|Any CPU
		{B90D1B07-28BF-4C02-9264-97BDF1B754F5}.Release|Any CPU.Build.0 = Release|Any CPU
	EndGlobalSection
	GlobalSection(SolutionProperties) = preSolution
		HideSolutionNode = FALSE
	EndGlobalSection
	GlobalSection(ExtensibilityGlobals) = postSolution
		SolutionGuid = {18B6736B-7293-49B4-A318-836845BE9359}
	EndGlobalSection
EndGlobal
